
Microsoft Visual Studio Solution File, Format Version 12.00
# Visual Studio Version 17
VisualStudioVersion = 17.4.33213.308
MinimumVisualStudioVersion = 10.0.40219.1
Project("{FAE04EC0-301F-11D3-BF4B-00C04F79EFBC}") = "gyakorlas", "gyakorlas\gyakorlas.csproj", "{76B84593-AACB-4CEB-BCD3-F23AFD9F445D}"
EndProject
Global
	GlobalSection(SolutionConfigurationPlatforms) = preSolution
		Debug|Any CPU = Debug|Any CPU
		Release|Any CPU = Release|Any CPU
	EndGlobalSection
	GlobalSection(ProjectConfigurationPlatforms) = postSolution
		{76B84593-AACB-4CEB-BCD3-F23AFD9F445D}.Debug|Any CPU.ActiveCfg = Debug|Any CPU
		{76B84593-AACB-4CEB-BCD3-F23AFD9F445D}.Debug|Any CPU.Build.0 = Debug|Any CPU
		{76B84593-AACB-4CEB-BCD3-F23AFD9F445D}.Release|Any CPU.ActiveCfg = Release|Any CPU
		{76B84593-AACB-4CEB-BCD3-F23AFD9F445D}.Release|Any CPU.Build.0 = Release|Any CPU
	EndGlobalSection
	GlobalSection(SolutionProperties) = preSolution
		HideSolutionNode = FALSE
	EndGlobalSection
	GlobalSection(ExtensibilityGlobals) = postSolution
		SolutionGuid = {8BCF0350-0592-45D3-BFB2-C844FFC1DBB6}
	EndGlobalSection
EndGlobal
