
Microsoft Visual Studio Solution File, Format Version 12.00
# Visual Studio Version 17
VisualStudioVersion = 17.6.33712.159
MinimumVisualStudioVersion = 10.0.40219.1
Project("{FAE04EC0-301F-11D3-BF4B-00C04F79EFBC}") = "Notepad_Two", "Notepad_Two.csproj", "{1380478F-9F8C-4F4C-B351-C076C2F1682A}"
EndProject
Global
	GlobalSection(SolutionConfigurationPlatforms) = preSolution
		Debug|Any CPU = Debug|Any CPU
		Release|Any CPU = Release|Any CPU
	EndGlobalSection
	GlobalSection(ProjectConfigurationPlatforms) = postSolution
		{1380478F-9F8C-4F4C-B351-C076C2F1682A}.Debug|Any CPU.ActiveCfg = Debug|Any CPU
		{1380478F-9F8C-4F4C-B351-C076C2F1682A}.Debug|Any CPU.Build.0 = Debug|Any CPU
		{1380478F-9F8C-4F4C-B351-C076C2F1682A}.Release|Any CPU.ActiveCfg = Release|Any CPU
		{1380478F-9F8C-4F4C-B351-C076C2F1682A}.Release|Any CPU.Build.0 = Release|Any CPU
	EndGlobalSection
	GlobalSection(SolutionProperties) = preSolution
		HideSolutionNode = FALSE
	EndGlobalSection
	GlobalSection(ExtensibilityGlobals) = postSolution
		SolutionGuid = {FF28702F-7427-42A2-963C-D0358B134F44}
	EndGlobalSection
EndGlobal
