
Microsoft Visual Studio Solution File, Format Version 12.00
# Visual Studio Version 17
VisualStudioVersion = 17.4.33213.308
MinimumVisualStudioVersion = 10.0.40219.1
Project("{FAE04EC0-301F-11D3-BF4B-00C04F79EFBC}") = "szovegszerkeszto", "szovegszerkeszto.csproj", "{B5C50E50-7493-42FC-9BAE-BDCDB3826DAD}"
EndProject
Global
	GlobalSection(SolutionConfigurationPlatforms) = preSolution
		Debug|Any CPU = Debug|Any CPU
		Release|Any CPU = Release|Any CPU
	EndGlobalSection
	GlobalSection(ProjectConfigurationPlatforms) = postSolution
		{B5C50E50-7493-42FC-9BAE-BDCDB3826DAD}.Debug|Any CPU.ActiveCfg = Debug|Any CPU
		{B5C50E50-7493-42FC-9BAE-BDCDB3826DAD}.Debug|Any CPU.Build.0 = Debug|Any CPU
		{B5C50E50-7493-42FC-9BAE-BDCDB3826DAD}.Release|Any CPU.ActiveCfg = Release|Any CPU
		{B5C50E50-7493-42FC-9BAE-BDCDB3826DAD}.Release|Any CPU.Build.0 = Release|Any CPU
	EndGlobalSection
	GlobalSection(SolutionProperties) = preSolution
		HideSolutionNode = FALSE
	EndGlobalSection
	GlobalSection(ExtensibilityGlobals) = postSolution
		SolutionGuid = {B9030586-1570-41B3-AA32-DC8D86005155}
	EndGlobalSection
EndGlobal
