
Microsoft Visual Studio Solution File, Format Version 12.00
# Visual Studio Version 17
VisualStudioVersion = 17.3.32929.385
MinimumVisualStudioVersion = 10.0.40219.1
Project("{FAE04EC0-301F-11D3-BF4B-00C04F79EFBC}") = "NewProject", "NewProject.csproj", "{450AE740-1DB8-40FB-AFAB-31CF8A1FD086}"
EndProject
Global
	GlobalSection(SolutionConfigurationPlatforms) = preSolution
		Debug|Any CPU = Debug|Any CPU
		Release|Any CPU = Release|Any CPU
	EndGlobalSection
	GlobalSection(ProjectConfigurationPlatforms) = postSolution
		{450AE740-1DB8-40FB-AFAB-31CF8A1FD086}.Debug|Any CPU.ActiveCfg = Debug|Any CPU
		{450AE740-1DB8-40FB-AFAB-31CF8A1FD086}.Debug|Any CPU.Build.0 = Debug|Any CPU
		{450AE740-1DB8-40FB-AFAB-31CF8A1FD086}.Release|Any CPU.ActiveCfg = Release|Any CPU
		{450AE740-1DB8-40FB-AFAB-31CF8A1FD086}.Release|Any CPU.Build.0 = Release|Any CPU
	EndGlobalSection
	GlobalSection(SolutionProperties) = preSolution
		HideSolutionNode = FALSE
	EndGlobalSection
	GlobalSection(ExtensibilityGlobals) = postSolution
		SolutionGuid = {91D6E7DD-8C5F-4907-B9B0-4E8621077AAE}
	EndGlobalSection
EndGlobal
