
Microsoft Visual Studio Solution File, Format Version 12.00
# Visual Studio Version 17
VisualStudioVersion = 17.3.32929.385
MinimumVisualStudioVersion = 10.0.40219.1
Project("{FAE04EC0-301F-11D3-BF4B-00C04F79EFBC}") = "listbox_gui", "listbox_gui\listbox_gui.csproj", "{EB9A752B-7C45-4A9D-9523-19C9BE463B1F}"
EndProject
Global
	GlobalSection(SolutionConfigurationPlatforms) = preSolution
		Debug|Any CPU = Debug|Any CPU
		Release|Any CPU = Release|Any CPU
	EndGlobalSection
	GlobalSection(ProjectConfigurationPlatforms) = postSolution
		{EB9A752B-7C45-4A9D-9523-19C9BE463B1F}.Debug|Any CPU.ActiveCfg = Debug|Any CPU
		{EB9A752B-7C45-4A9D-9523-19C9BE463B1F}.Debug|Any CPU.Build.0 = Debug|Any CPU
		{EB9A752B-7C45-4A9D-9523-19C9BE463B1F}.Release|Any CPU.ActiveCfg = Release|Any CPU
		{EB9A752B-7C45-4A9D-9523-19C9BE463B1F}.Release|Any CPU.Build.0 = Release|Any CPU
	EndGlobalSection
	GlobalSection(SolutionProperties) = preSolution
		HideSolutionNode = FALSE
	EndGlobalSection
	GlobalSection(ExtensibilityGlobals) = postSolution
		SolutionGuid = {FE82BF27-BAAC-4DD6-9EDE-BE529E0B5331}
	EndGlobalSection
EndGlobal
