
Microsoft Visual Studio Solution File, Format Version 12.00
# Visual Studio 15
VisualStudioVersion = 15.0.28307.489
MinimumVisualStudioVersion = 10.0.40219.1
Project("{FAE04EC0-301F-11D3-BF4B-00C04F79EFBC}") = "C_sharp_strings", "C_sharp_strings\C_sharp_strings.csproj", "{02D1A455-2950-44A7-8EE7-304613CF13F6}"
EndProject
Global
	GlobalSection(SolutionConfigurationPlatforms) = preSolution
		Debug|Any CPU = Debug|Any CPU
		Release|Any CPU = Release|Any CPU
	EndGlobalSection
	GlobalSection(ProjectConfigurationPlatforms) = postSolution
		{02D1A455-2950-44A7-8EE7-304613CF13F6}.Debug|Any CPU.ActiveCfg = Debug|Any CPU
		{02D1A455-2950-44A7-8EE7-304613CF13F6}.Debug|Any CPU.Build.0 = Debug|Any CPU
		{02D1A455-2950-44A7-8EE7-304613CF13F6}.Release|Any CPU.ActiveCfg = Release|Any CPU
		{02D1A455-2950-44A7-8EE7-304613CF13F6}.Release|Any CPU.Build.0 = Release|Any CPU
	EndGlobalSection
	GlobalSection(SolutionProperties) = preSolution
		HideSolutionNode = FALSE
	EndGlobalSection
	GlobalSection(ExtensibilityGlobals) = postSolution
		SolutionGuid = {382F38B6-1419-467A-9291-94757C5C9C7B}
	EndGlobalSection
EndGlobal
