
Microsoft Visual Studio Solution File, Format Version 12.00
# Visual Studio Version 17
VisualStudioVersion = 17.4.33213.308
MinimumVisualStudioVersion = 10.0.40219.1
Project("{FAE04EC0-301F-11D3-BF4B-00C04F79EFBC}") = "SzovegFeldolgozo", "SzovegFeldolgozo.csproj", "{EC0F6E45-91FE-4135-A03B-ED21B6AE8B8E}"
EndProject
Global
	GlobalSection(SolutionConfigurationPlatforms) = preSolution
		Debug|Any CPU = Debug|Any CPU
		Release|Any CPU = Release|Any CPU
	EndGlobalSection
	GlobalSection(ProjectConfigurationPlatforms) = postSolution
		{EC0F6E45-91FE-4135-A03B-ED21B6AE8B8E}.Debug|Any CPU.ActiveCfg = Debug|Any CPU
		{EC0F6E45-91FE-4135-A03B-ED21B6AE8B8E}.Debug|Any CPU.Build.0 = Debug|Any CPU
		{EC0F6E45-91FE-4135-A03B-ED21B6AE8B8E}.Release|Any CPU.ActiveCfg = Release|Any CPU
		{EC0F6E45-91FE-4135-A03B-ED21B6AE8B8E}.Release|Any CPU.Build.0 = Release|Any CPU
	EndGlobalSection
	GlobalSection(SolutionProperties) = preSolution
		HideSolutionNode = FALSE
	EndGlobalSection
	GlobalSection(ExtensibilityGlobals) = postSolution
		SolutionGuid = {E8FAEA36-D77B-4D30-B408-6A900284A2EE}
	EndGlobalSection
EndGlobal
