
Microsoft Visual Studio Solution File, Format Version 12.00
# Visual Studio Version 17
VisualStudioVersion = 17.4.33213.308
MinimumVisualStudioVersion = 10.0.40219.1
Project("{FAE04EC0-301F-11D3-BF4B-00C04F79EFBC}") = "ListakApp", "ListakApp.csproj", "{E99D41B8-EC3F-44BC-B3B2-396EDC951E97}"
EndProject
Global
	GlobalSection(SolutionConfigurationPlatforms) = preSolution
		Debug|Any CPU = Debug|Any CPU
		Release|Any CPU = Release|Any CPU
	EndGlobalSection
	GlobalSection(ProjectConfigurationPlatforms) = postSolution
		{E99D41B8-EC3F-44BC-B3B2-396EDC951E97}.Debug|Any CPU.ActiveCfg = Debug|Any CPU
		{E99D41B8-EC3F-44BC-B3B2-396EDC951E97}.Debug|Any CPU.Build.0 = Debug|Any CPU
		{E99D41B8-EC3F-44BC-B3B2-396EDC951E97}.Release|Any CPU.ActiveCfg = Release|Any CPU
		{E99D41B8-EC3F-44BC-B3B2-396EDC951E97}.Release|Any CPU.Build.0 = Release|Any CPU
	EndGlobalSection
	GlobalSection(SolutionProperties) = preSolution
		HideSolutionNode = FALSE
	EndGlobalSection
	GlobalSection(ExtensibilityGlobals) = postSolution
		SolutionGuid = {F44E8818-11BE-40E0-AE55-46FA818AA2FE}
	EndGlobalSection
EndGlobal
