
Microsoft Visual Studio Solution File, Format Version 12.00
# Visual Studio Version 17
VisualStudioVersion = 17.3.32929.385
MinimumVisualStudioVersion = 10.0.40219.1
Project("{FAE04EC0-301F-11D3-BF4B-00C04F79EFBC}") = "SzamonkeresTeszaryPeter", "SzamonkeresTeszaryPeter\SzamonkeresTeszaryPeter.csproj", "{44976140-4BF8-4CEF-A21F-A58A265C8CEA}"
EndProject
Global
	GlobalSection(SolutionConfigurationPlatforms) = preSolution
		Debug|Any CPU = Debug|Any CPU
		Release|Any CPU = Release|Any CPU
	EndGlobalSection
	GlobalSection(ProjectConfigurationPlatforms) = postSolution
		{44976140-4BF8-4CEF-A21F-A58A265C8CEA}.Debug|Any CPU.ActiveCfg = Debug|Any CPU
		{44976140-4BF8-4CEF-A21F-A58A265C8CEA}.Debug|Any CPU.Build.0 = Debug|Any CPU
		{44976140-4BF8-4CEF-A21F-A58A265C8CEA}.Release|Any CPU.ActiveCfg = Release|Any CPU
		{44976140-4BF8-4CEF-A21F-A58A265C8CEA}.Release|Any CPU.Build.0 = Release|Any CPU
	EndGlobalSection
	GlobalSection(SolutionProperties) = preSolution
		HideSolutionNode = FALSE
	EndGlobalSection
	GlobalSection(ExtensibilityGlobals) = postSolution
		SolutionGuid = {E61C3C44-F23A-4A2E-9980-3964DB67A3EB}
	EndGlobalSection
EndGlobal
