
Microsoft Visual Studio Solution File, Format Version 12.00
# Visual Studio Version 17
VisualStudioVersion = 17.5.33530.505
MinimumVisualStudioVersion = 10.0.40219.1
Project("{FAE04EC0-301F-11D3-BF4B-00C04F79EFBC}") = "Sajt", "Sajt\Sajt.csproj", "{E5419AC7-5FBE-4475-8D9D-CF597B7CB7AA}"
EndProject
Global
	GlobalSection(SolutionConfigurationPlatforms) = preSolution
		Debug|Any CPU = Debug|Any CPU
		Release|Any CPU = Release|Any CPU
	EndGlobalSection
	GlobalSection(ProjectConfigurationPlatforms) = postSolution
		{E5419AC7-5FBE-4475-8D9D-CF597B7CB7AA}.Debug|Any CPU.ActiveCfg = Debug|Any CPU
		{E5419AC7-5FBE-4475-8D9D-CF597B7CB7AA}.Debug|Any CPU.Build.0 = Debug|Any CPU
		{E5419AC7-5FBE-4475-8D9D-CF597B7CB7AA}.Release|Any CPU.ActiveCfg = Release|Any CPU
		{E5419AC7-5FBE-4475-8D9D-CF597B7CB7AA}.Release|Any CPU.Build.0 = Release|Any CPU
	EndGlobalSection
	GlobalSection(SolutionProperties) = preSolution
		HideSolutionNode = FALSE
	EndGlobalSection
	GlobalSection(ExtensibilityGlobals) = postSolution
		SolutionGuid = {61A7AC6E-C3B9-41FD-A254-322234193984}
	EndGlobalSection
EndGlobal
