
Microsoft Visual Studio Solution File, Format Version 12.00
# Visual Studio Version 17
VisualStudioVersion = 17.6.33712.159
MinimumVisualStudioVersion = 10.0.40219.1
Project("{FAE04EC0-301F-11D3-BF4B-00C04F79EFBC}") = "ContRegApp", "ContRegApp.csproj", "{678658E0-172A-4720-922D-F9A7AD57EF80}"
EndProject
Global
	GlobalSection(SolutionConfigurationPlatforms) = preSolution
		Debug|Any CPU = Debug|Any CPU
		Release|Any CPU = Release|Any CPU
	EndGlobalSection
	GlobalSection(ProjectConfigurationPlatforms) = postSolution
		{678658E0-172A-4720-922D-F9A7AD57EF80}.Debug|Any CPU.ActiveCfg = Debug|Any CPU
		{678658E0-172A-4720-922D-F9A7AD57EF80}.Debug|Any CPU.Build.0 = Debug|Any CPU
		{678658E0-172A-4720-922D-F9A7AD57EF80}.Release|Any CPU.ActiveCfg = Release|Any CPU
		{678658E0-172A-4720-922D-F9A7AD57EF80}.Release|Any CPU.Build.0 = Release|Any CPU
	EndGlobalSection
	GlobalSection(SolutionProperties) = preSolution
		HideSolutionNode = FALSE
	EndGlobalSection
	GlobalSection(ExtensibilityGlobals) = postSolution
		SolutionGuid = {57FDFCF2-4AAD-4380-89AE-3F60DBD8EFD9}
	EndGlobalSection
EndGlobal
