
Microsoft Visual Studio Solution File, Format Version 12.00
# Visual Studio Version 17
VisualStudioVersion = 17.3.32929.385
MinimumVisualStudioVersion = 10.0.40219.1
Project("{FAE04EC0-301F-11D3-BF4B-00C04F79EFBC}") = "osztalyok", "osztalyok\osztalyok.csproj", "{EBE8167A-1FF6-4A41-8D76-23C6E49A7245}"
EndProject
Global
	GlobalSection(SolutionConfigurationPlatforms) = preSolution
		Debug|Any CPU = Debug|Any CPU
		Release|Any CPU = Release|Any CPU
	EndGlobalSection
	GlobalSection(ProjectConfigurationPlatforms) = postSolution
		{EBE8167A-1FF6-4A41-8D76-23C6E49A7245}.Debug|Any CPU.ActiveCfg = Debug|Any CPU
		{EBE8167A-1FF6-4A41-8D76-23C6E49A7245}.Debug|Any CPU.Build.0 = Debug|Any CPU
		{EBE8167A-1FF6-4A41-8D76-23C6E49A7245}.Release|Any CPU.ActiveCfg = Release|Any CPU
		{EBE8167A-1FF6-4A41-8D76-23C6E49A7245}.Release|Any CPU.Build.0 = Release|Any CPU
	EndGlobalSection
	GlobalSection(SolutionProperties) = preSolution
		HideSolutionNode = FALSE
	EndGlobalSection
	GlobalSection(ExtensibilityGlobals) = postSolution
		SolutionGuid = {0F8F7969-1C49-43A5-A8FC-121C6C5E05DD}
	EndGlobalSection
EndGlobal
